
Microsoft Visual Studio Solution File, Format Version 12.00
# Visual Studio 15
VisualStudioVersion = 15.0.26228.4
MinimumVisualStudioVersion = 10.0.40219.1
Project("{FAE04EC0-301F-11D3-BF4B-00C04F79EFBC}") = "Strategy", "Strategy\Strategy.csproj", "{5B47734A-E4C9-4D8C-83C0-EDAD35299341}"
EndProject
Project("{FAE04EC0-301F-11D3-BF4B-00C04F79EFBC}") = "ChainOfResponsibility", "ChainOfResponsibility\ChainOfResponsibility.csproj", "{1EC05E8F-8385-4DF7-AAAF-1495FB614E4E}"
EndProject
Project("{FAE04EC0-301F-11D3-BF4B-00C04F79EFBC}") = "TemplateMethod", "TemplateMethod\TemplateMethod.csproj", "{7F74FD7C-9E50-4528-A56B-C79AA269CE5F}"
EndProject
Project("{FAE04EC0-301F-11D3-BF4B-00C04F79EFBC}") = "Decorator", "Decorator\Decorator.csproj", "{0C4ACD2E-B661-45E5-A7CC-E49D5800E287}"
EndProject
Project("{FAE04EC0-301F-11D3-BF4B-00C04F79EFBC}") = "State", "State\State.csproj", "{F15D47C6-68A7-46CF-B81E-28DE995BB2D5}"
EndProject
Global
	GlobalSection(SolutionConfigurationPlatforms) = preSolution
		Debug|Any CPU = Debug|Any CPU
		Release|Any CPU = Release|Any CPU
	EndGlobalSection
	GlobalSection(ProjectConfigurationPlatforms) = postSolution
		{5B47734A-E4C9-4D8C-83C0-EDAD35299341}.Debug|Any CPU.ActiveCfg = Debug|Any CPU
		{5B47734A-E4C9-4D8C-83C0-EDAD35299341}.Debug|Any CPU.Build.0 = Debug|Any CPU
		{5B47734A-E4C9-4D8C-83C0-EDAD35299341}.Release|Any CPU.ActiveCfg = Release|Any CPU
		{5B47734A-E4C9-4D8C-83C0-EDAD35299341}.Release|Any CPU.Build.0 = Release|Any CPU
		{1EC05E8F-8385-4DF7-AAAF-1495FB614E4E}.Debug|Any CPU.ActiveCfg = Debug|Any CPU
		{1EC05E8F-8385-4DF7-AAAF-1495FB614E4E}.Debug|Any CPU.Build.0 = Debug|Any CPU
		{1EC05E8F-8385-4DF7-AAAF-1495FB614E4E}.Release|Any CPU.ActiveCfg = Release|Any CPU
		{1EC05E8F-8385-4DF7-AAAF-1495FB614E4E}.Release|Any CPU.Build.0 = Release|Any CPU
		{7F74FD7C-9E50-4528-A56B-C79AA269CE5F}.Debug|Any CPU.ActiveCfg = Debug|Any CPU
		{7F74FD7C-9E50-4528-A56B-C79AA269CE5F}.Debug|Any CPU.Build.0 = Debug|Any CPU
		{7F74FD7C-9E50-4528-A56B-C79AA269CE5F}.Release|Any CPU.ActiveCfg = Release|Any CPU
		{7F74FD7C-9E50-4528-A56B-C79AA269CE5F}.Release|Any CPU.Build.0 = Release|Any CPU
		{0C4ACD2E-B661-45E5-A7CC-E49D5800E287}.Debug|Any CPU.ActiveCfg = Debug|Any CPU
		{0C4ACD2E-B661-45E5-A7CC-E49D5800E287}.Debug|Any CPU.Build.0 = Debug|Any CPU
		{0C4ACD2E-B661-45E5-A7CC-E49D5800E287}.Release|Any CPU.ActiveCfg = Release|Any CPU
		{0C4ACD2E-B661-45E5-A7CC-E49D5800E287}.Release|Any CPU.Build.0 = Release|Any CPU
		{F15D47C6-68A7-46CF-B81E-28DE995BB2D5}.Debug|Any CPU.ActiveCfg = Debug|Any CPU
		{F15D47C6-68A7-46CF-B81E-28DE995BB2D5}.Debug|Any CPU.Build.0 = Debug|Any CPU
		{F15D47C6-68A7-46CF-B81E-28DE995BB2D5}.Release|Any CPU.ActiveCfg = Release|Any CPU
		{F15D47C6-68A7-46CF-B81E-28DE995BB2D5}.Release|Any CPU.Build.0 = Release|Any CPU
	EndGlobalSection
	GlobalSection(SolutionProperties) = preSolution
		HideSolutionNode = FALSE
	EndGlobalSection
EndGlobal
